
Microsoft Visual Studio Solution File, Format Version 12.00
# Visual Studio Version 17
VisualStudioVersion = 17.4.33213.308
MinimumVisualStudioVersion = 10.0.40219.1
Project("{F184B08F-C81C-45F6-A57F-5ABD9991F28F}") = "TemplateBox1NiEspinosaDerickJames", "TemplateBox1NiEspinosaDerickJames.vbproj", "{4F887016-FA2C-4AEC-A2A2-AD02C13D1095}"
EndProject
Global
	GlobalSection(SolutionConfigurationPlatforms) = preSolution
		Debug|Any CPU = Debug|Any CPU
		Release|Any CPU = Release|Any CPU
	EndGlobalSection
	GlobalSection(ProjectConfigurationPlatforms) = postSolution
		{4F887016-FA2C-4AEC-A2A2-AD02C13D1095}.Debug|Any CPU.ActiveCfg = Debug|Any CPU
		{4F887016-FA2C-4AEC-A2A2-AD02C13D1095}.Debug|Any CPU.Build.0 = Debug|Any CPU
		{4F887016-FA2C-4AEC-A2A2-AD02C13D1095}.Release|Any CPU.ActiveCfg = Release|Any CPU
		{4F887016-FA2C-4AEC-A2A2-AD02C13D1095}.Release|Any CPU.Build.0 = Release|Any CPU
	EndGlobalSection
	GlobalSection(SolutionProperties) = preSolution
		HideSolutionNode = FALSE
	EndGlobalSection
	GlobalSection(ExtensibilityGlobals) = postSolution
		SolutionGuid = {BC11BB90-CAB2-4FC7-9711-DD49F62C5AA8}
	EndGlobalSection
EndGlobal
